lockfileVersion: '9.0'

settings:
  autoInstallPeers: true
  excludeLinksFromLockfile: false

importers:

  .:
    dependencies:
      '@hono/node-server':
        specifier: ^1.13.8
        version: 1.14.0(hono@4.7.5)
      hono:
        specifier: ^4.7.2
        version: 4.7.5
    devDependencies:
      '@types/node':
        specifier: ^22.13.8
        version: 22.13.12

packages:

  '@hono/node-server@1.14.0':
    resolution: {integrity: sha512-YUCxJwgHRKSqjrdTk9e4VMGKN27MK5r4+MGPyZTgKH+IYbK+KtYbHeOcPGJ91KGGD6RIQiz2dAHxvjauNhOS8g==}
    engines: {node: '>=18.14.1'}
    peerDependencies:
      hono: ^4

  '@types/node@22.13.12':
    resolution: {integrity: sha512-ixiWrCSRi33uqBMRuICcKECW7rtgY43TbsHDpM2XK7lXispd48opW+0IXrBVxv9NMhaz/Ue9kyj6r3NTVyXm8A==}

  hono@4.7.5:
    resolution: {integrity: sha512-fDOK5W2C1vZACsgLONigdZTRZxuBqFtcKh7bUQ5cVSbwI2RWjloJDcgFOVzbQrlI6pCmhlTsVYZ7zpLj4m4qMQ==}
    engines: {node: '>=16.9.0'}

  undici-types@6.20.0:
    resolution: {integrity: sha512-Ny6QZ2Nju20vw1SRHe3d9jVu6gJ+4e3+MMpqu7pqE5HT6WsTSlce++GQmK5UXS8mzV8DSYHrQH+Xrf2jVcuKNg==}

snapshots:

  '@hono/node-server@1.14.0(hono@4.7.5)':
    dependencies:
      hono: 4.7.5

  '@types/node@22.13.12':
    dependencies:
      undici-types: 6.20.0

  hono@4.7.5: {}

  undici-types@6.20.0: {}
